
Microsoft Visual Studio Solution File, Format Version 12.00
# Visual Studio 15
VisualStudioVersion = 15.0.28307.271
MinimumVisualStudioVersion = 10.0.40219.1
Project("{FAE04EC0-301F-11D3-BF4B-00C04F79EFBC}") = "Laboratorio 2", "Laboratorio 2\Laboratorio 2.csproj", "{67FB1460-BAF9-498E-BBE6-764BB9365F1E}"
EndProject
Project("{FAE04EC0-301F-11D3-BF4B-00C04F79EFBC}") = "RSABiblioteca", "Intento1\RSABiblioteca.csproj", "{4B25CEEF-C9DB-4AE1-82EA-3DEBB937550D}"
EndProject
Global
	GlobalSection(SolutionConfigurationPlatforms) = preSolution
		Debug|Any CPU = Debug|Any CPU
		Release|Any CPU = Release|Any CPU
	EndGlobalSection
	GlobalSection(ProjectConfigurationPlatforms) = postSolution
		{67FB1460-BAF9-498E-BBE6-764BB9365F1E}.Debug|Any CPU.ActiveCfg = Debug|Any CPU
		{67FB1460-BAF9-498E-BBE6-764BB9365F1E}.Debug|Any CPU.Build.0 = Debug|Any CPU
		{67FB1460-BAF9-498E-BBE6-764BB9365F1E}.Release|Any CPU.ActiveCfg = Release|Any CPU
		{67FB1460-BAF9-498E-BBE6-764BB9365F1E}.Release|Any CPU.Build.0 = Release|Any CPU
		{4B25CEEF-C9DB-4AE1-82EA-3DEBB937550D}.Debug|Any CPU.ActiveCfg = Debug|Any CPU
		{4B25CEEF-C9DB-4AE1-82EA-3DEBB937550D}.Debug|Any CPU.Build.0 = Debug|Any CPU
		{4B25CEEF-C9DB-4AE1-82EA-3DEBB937550D}.Release|Any CPU.ActiveCfg = Release|Any CPU
		{4B25CEEF-C9DB-4AE1-82EA-3DEBB937550D}.Release|Any CPU.Build.0 = Release|Any CPU
	EndGlobalSection
	GlobalSection(SolutionProperties) = preSolution
		HideSolutionNode = FALSE
	EndGlobalSection
	GlobalSection(ExtensibilityGlobals) = postSolution
		SolutionGuid = {D30BBF5E-01A3-41C9-B87E-9FF9A562F2F8}
	EndGlobalSection
EndGlobal
